{
  "name": "shiyue-boot",
  "version": "1.0.0",
  "lockfileVersion": 1,
  "requires": true,
  "dependencies": {
    "epii-boot": {
      "version": "1.1.1",
      "resolved": "https://registry.npmjs.org/epii-boot/-/epii-boot-1.1.1.tgz",
      "integrity": "sha512-u1vp/IRg6kaRdiXtzTeRjG28gEeUmctHCkHPjK/TYspjgEc95YLZA013WpiGhdP4A/WqjZJTQHy7od49VNMnMQ=="
    },
    "epii-read-config": {
      "version": "1.0.0",
      "resolved": "https://registry.npmjs.org/epii-read-config/-/epii-read-config-1.0.0.tgz",
      "integrity": "sha512-dvxxIXUdfxhb6dEXF4oruOdFBlI2EtTgAAPIlm9Rr8y5gWMKp5nwI7Zx1f+Ysyt82q/+7ST9zBQTEpcvGyBJxg=="
    },
    "shiyue": {
      "version": "1.0.0",
      "resolved": "https://registry.npmjs.org/shiyue/-/shiyue-1.0.0.tgz",
      "integrity": "sha512-mW3ipDyvAISKmsNkrwh/4g4XyvForfOMHep4LrW/GrPEFPI3R1nd4/FYFJyLWbLCc6944PJ78H70FYCLa9RsLw=="
    }
  }
}
