{
  "name": "shiyue-boot-project",
  "version": "1.0.0",
  "lockfileVersion": 2,
  "requires": true,
  "packages": {
    "": {
      "name": "shiyue-boot-project",
      "version": "1.0.0",
      "license": "ISC",
      "dependencies": {
        "epii-boot": "^1.1.1",
        "epii-read-config": "^1.0.0",
        "shiyue": "^1.0.0"
      },
      "devDependencies": {
        "@types/node": "^20.9.0"
      }
    },
    "node_modules/@types/node": {
      "version": "20.9.0",
      "resolved": "https://registry.npmjs.org/@types/node/-/node-20.9.0.tgz",
      "integrity": "sha512-nekiGu2NDb1BcVofVcEKMIwzlx4NjHlcjhoxxKBNLtz15Y1z7MYf549DFvkHSId02Ax6kGwWntIBPC3l/JZcmw==",
      "dev": true,
      "dependencies": {
        "undici-types": "~5.26.4"
      }
    },
    "node_modules/epii-boot": {
      "version": "1.1.1",
      "resolved": "https://registry.npmjs.org/epii-boot/-/epii-boot-1.1.1.tgz",
      "integrity": "sha512-u1vp/IRg6kaRdiXtzTeRjG28gEeUmctHCkHPjK/TYspjgEc95YLZA013WpiGhdP4A/WqjZJTQHy7od49VNMnMQ==",
      "bin": {
        "epii-boot-run-js": "bin/epii-boot-run-js",
        "epii-boot-run-ts": "bin/epii-boot-run-ts"
      }
    },
    "node_modules/epii-read-config": {
      "version": "1.0.2",
      "resolved": "https://registry.npmjs.org/epii-read-config/-/epii-read-config-1.0.2.tgz",
      "integrity": "sha512-X+37lgv0jlBmYYPZwv3bWY/qLfszBJrZfjXDURZ+LhQBL7SCcuOvR6keAdi2dqZmEasba80HstAzXa7Wl30kBg=="
    },
    "node_modules/shiyue": {
      "version": "1.0.7",
      "resolved": "https://registry.npmjs.org/shiyue/-/shiyue-1.0.7.tgz",
      "integrity": "sha512-VSRL/g+5E2qiUHLPHrpyxtD56sQb1hf9zK30OlQ3q+6d5jvAGzDHBM2QfPrHn0PmGP9FJlwLWk+T4dfgF4hc2g=="
    },
    "node_modules/undici-types": {
      "version": "5.26.5",
      "resolved": "https://registry.npmjs.org/undici-types/-/undici-types-5.26.5.tgz",
      "integrity": "sha512-JlCMO+ehdEIKqlFxk6IfVoAUVmgz7cU7zD/h9XZ0qzeosSHmUJVOzSQvvYSYWXkFXC+IfLKSIffhv0sVZup6pA==",
      "dev": true
    }
  },
  "dependencies": {
    "@types/node": {
      "version": "20.9.0",
      "resolved": "https://registry.npmjs.org/@types/node/-/node-20.9.0.tgz",
      "integrity": "sha512-nekiGu2NDb1BcVofVcEKMIwzlx4NjHlcjhoxxKBNLtz15Y1z7MYf549DFvkHSId02Ax6kGwWntIBPC3l/JZcmw==",
      "dev": true,
      "requires": {
        "undici-types": "~5.26.4"
      }
    },
    "epii-boot": {
      "version": "1.1.1",
      "resolved": "https://registry.npmjs.org/epii-boot/-/epii-boot-1.1.1.tgz",
      "integrity": "sha512-u1vp/IRg6kaRdiXtzTeRjG28gEeUmctHCkHPjK/TYspjgEc95YLZA013WpiGhdP4A/WqjZJTQHy7od49VNMnMQ=="
    },
    "epii-read-config": {
      "version": "1.0.2",
      "resolved": "https://registry.npmjs.org/epii-read-config/-/epii-read-config-1.0.2.tgz",
      "integrity": "sha512-X+37lgv0jlBmYYPZwv3bWY/qLfszBJrZfjXDURZ+LhQBL7SCcuOvR6keAdi2dqZmEasba80HstAzXa7Wl30kBg=="
    },
    "shiyue": {
      "version": "1.0.7",
      "resolved": "https://registry.npmjs.org/shiyue/-/shiyue-1.0.7.tgz",
      "integrity": "sha512-VSRL/g+5E2qiUHLPHrpyxtD56sQb1hf9zK30OlQ3q+6d5jvAGzDHBM2QfPrHn0PmGP9FJlwLWk+T4dfgF4hc2g=="
    },
    "undici-types": {
      "version": "5.26.5",
      "resolved": "https://registry.npmjs.org/undici-types/-/undici-types-5.26.5.tgz",
      "integrity": "sha512-JlCMO+ehdEIKqlFxk6IfVoAUVmgz7cU7zD/h9XZ0qzeosSHmUJVOzSQvvYSYWXkFXC+IfLKSIffhv0sVZup6pA==",
      "dev": true
    }
  }
}
